
Microsoft Visual Studio Solution File, Format Version 12.00
# Visual Studio 15
VisualStudioVersion = 15.0.28010.2036
MinimumVisualStudioVersion = 10.0.40219.1
Project("{FAE04EC0-301F-11D3-BF4B-00C04F79EFBC}") = "Task_B", "Task_B\Task_B.csproj", "{071BECAC-3946-407B-9BA5-A230BD16E1FD}"
EndProject
Global
	GlobalSection(SolutionConfigurationPlatforms) = preSolution
		Debug|Any CPU = Debug|Any CPU
		Release|Any CPU = Release|Any CPU
	EndGlobalSection
	GlobalSection(ProjectConfigurationPlatforms) = postSolution
		{071BECAC-3946-407B-9BA5-A230BD16E1FD}.Debug|Any CPU.ActiveCfg = Debug|Any CPU
		{071BECAC-3946-407B-9BA5-A230BD16E1FD}.Debug|Any CPU.Build.0 = Debug|Any CPU
		{071BECAC-3946-407B-9BA5-A230BD16E1FD}.Release|Any CPU.ActiveCfg = Release|Any CPU
		{071BECAC-3946-407B-9BA5-A230BD16E1FD}.Release|Any CPU.Build.0 = Release|Any CPU
	EndGlobalSection
	GlobalSection(SolutionProperties) = preSolution
		HideSolutionNode = FALSE
	EndGlobalSection
	GlobalSection(ExtensibilityGlobals) = postSolution
		SolutionGuid = {CF4DEFE8-6DFD-40FB-BE13-D048A2A3EC7E}
	EndGlobalSection
EndGlobal
